# THIS IS AN AUTOGENERATED FILE. DO NOT EDIT THIS FILE DIRECTLY.
# yarn lockfile v1


tabulator-tables@^5.4.4:
  version "5.4.4"
  resolved "https://registry.yarnpkg.com/tabulator-tables/-/tabulator-tables-5.4.4.tgz#799f93f96af0fa06db4900f0cd2f48ac425b1d07"
  integrity sha512-WqPWLRwrD8UMISUjQqZyj6y9k3ajQBs7eJtRosbt9q8RRkZlYCJYGxLt3L44jEXaQCE5q5EJFbGeDUEDJa1a3w==
